# This file is automatically @generated by Wally.
# It is not intended for manual editing.
registry = "test"

[[package]]
name = "chipioindustries/rapscallion"
version = "1.0.4"
dependencies = [["Llama", "freddylist/llama@1.1.1"]]

[[package]]
name = "chipioindustries/remotes"
version = "1.0.0"
dependencies = [["Llama", "freddylist/llama@1.1.1"], ["Rapscallion", "chipioindustries/rapscallion@1.0.4"], ["Signal", "chipioindustries/signal@1.0.3"]]

[[package]]
name = "chipioindustries/replication-middleware"
version = "0.1.0"
dependencies = [["Llama", "freddylist/llama@1.1.1"], ["Remotes", "chipioindustries/remotes@1.0.0"], ["Rodux", "chipioindustries/rodux@3.0.4"]]

[[package]]
name = "chipioindustries/rodux"
version = "3.0.4"
dependencies = []

[[package]]
name = "chipioindustries/signal"
version = "1.0.3"
dependencies = []

[[package]]
name = "freddylist/llama"
version = "1.1.1"
dependencies = []

[[package]]
name = "roblox/testez"
version = "0.4.1"
dependencies = []
